
Microsoft Visual Studio Solution File, Format Version 12.00
# Visual Studio 15
VisualStudioVersion = 15.0.28307.902
MinimumVisualStudioVersion = 10.0.40219.1
Project("{FAE04EC0-301F-11D3-BF4B-00C04F79EFBC}") = "Core", "Core\Core.csproj", "{2D160682-807F-44AA-9624-BFA3C1879CDA}"
EndProject
Project("{9A19103F-16F7-4668-BE54-9A1E7A4F7556}") = "Alturos.Yolo", "..\Alturos.Yolo\Alturos.Yolo.csproj", "{18E25F97-9B6B-4346-93BB-F54091926CC6}"
EndProject
Global
	GlobalSection(SolutionConfigurationPlatforms) = preSolution
		Debug|Any CPU = Debug|Any CPU
		Release|Any CPU = Release|Any CPU
	EndGlobalSection
	GlobalSection(ProjectConfigurationPlatforms) = postSolution
		{2D160682-807F-44AA-9624-BFA3C1879CDA}.Debug|Any CPU.ActiveCfg = Debug|Any CPU
		{2D160682-807F-44AA-9624-BFA3C1879CDA}.Debug|Any CPU.Build.0 = Debug|Any CPU
		{2D160682-807F-44AA-9624-BFA3C1879CDA}.Release|Any CPU.ActiveCfg = Release|Any CPU
		{2D160682-807F-44AA-9624-BFA3C1879CDA}.Release|Any CPU.Build.0 = Release|Any CPU
		{18E25F97-9B6B-4346-93BB-F54091926CC6}.Debug|Any CPU.ActiveCfg = Debug|Any CPU
		{18E25F97-9B6B-4346-93BB-F54091926CC6}.Debug|Any CPU.Build.0 = Debug|Any CPU
		{18E25F97-9B6B-4346-93BB-F54091926CC6}.Release|Any CPU.ActiveCfg = Release|Any CPU
		{18E25F97-9B6B-4346-93BB-F54091926CC6}.Release|Any CPU.Build.0 = Release|Any CPU
	EndGlobalSection
	GlobalSection(SolutionProperties) = preSolution
		HideSolutionNode = FALSE
	EndGlobalSection
	GlobalSection(ExtensibilityGlobals) = postSolution
		SolutionGuid = {2FC2EA5D-9939-4CF0-9526-F4A5B5302936}
	EndGlobalSection
EndGlobal
